
Microsoft Visual Studio Solution File, Format Version 12.00
# Visual Studio Version 17
VisualStudioVersion = 17.8.34309.116
MinimumVisualStudioVersion = 10.0.40219.1
Project("{FAE04EC0-301F-11D3-BF4B-00C04F79EFBC}") = "git", "git.csproj", "{1AEEA643-BCEA-4959-8A4B-43E28DDD09BD}"
EndProject
Global
	GlobalSection(SolutionConfigurationPlatforms) = preSolution
		Debug|Any CPU = Debug|Any CPU
		Release|Any CPU = Release|Any CPU
	EndGlobalSection
	GlobalSection(ProjectConfigurationPlatforms) = postSolution
		{1AEEA643-BCEA-4959-8A4B-43E28DDD09BD}.Debug|Any CPU.ActiveCfg = Debug|Any CPU
		{1AEEA643-BCEA-4959-8A4B-43E28DDD09BD}.Debug|Any CPU.Build.0 = Debug|Any CPU
		{1AEEA643-BCEA-4959-8A4B-43E28DDD09BD}.Release|Any CPU.ActiveCfg = Release|Any CPU
		{1AEEA643-BCEA-4959-8A4B-43E28DDD09BD}.Release|Any CPU.Build.0 = Release|Any CPU
	EndGlobalSection
	GlobalSection(SolutionProperties) = preSolution
		HideSolutionNode = FALSE
	EndGlobalSection
	GlobalSection(ExtensibilityGlobals) = postSolution
		SolutionGuid = {B0C5611D-7685-4E32-BE21-577D2B418784}
	EndGlobalSection
EndGlobal
